// !$*UTF8*$!
{
	archiveVersion = 1;
	classes = {
	};
	objectVersion = 46;
	objects = {

/* Begin PBXBuildFile section */
		3D2971FD74534AE6A9DFD86D /* libPods-Tests.a in Frameworks */ = {isa = PBXBuildFile; fileRef = BD6E6678283747B4A42FE296 /* libPods-Tests.a */; };
		46191D0E187235FC003DADEF /* LightMagic.m in Sources */ = {isa = PBXBuildFile; fileRef = CAED4F2F8BE264CE780E7179 /* LightMagic.m */; };
		46191D1718723DDD003DADEF /* XCTest.framework in Frameworks */ = {isa = PBXBuildFile; fileRef = CAE5961BA743276E1841F861 /* XCTest.framework */; };
		46191D1818723DDD003DADEF /* Foundation.framework in Frameworks */ = {isa = PBXBuildFile; fileRef = CAE6F979ECF497D1170AFF12 /* Foundation.framework */; };
		46191D1918723DDD003DADEF /* UIKit.framework in Frameworks */ = {isa = PBXBuildFile; fileRef = CAE6D7451DAFED11149BE96E /* UIKit.framework */; };
		46191D2A18724578003DADEF /* libLightMagic.a in Frameworks */ = {isa = PBXBuildFile; fileRef = 46D862EF1872303300172036 /* libLightMagic.a */; };
		467C933A1872351B001435B2 /* libLightMagic.a in Frameworks */ = {isa = PBXBuildFile; fileRef = 46D862EF1872303300172036 /* libLightMagic.a */; };
		46D862F01872303300172036 /* Foundation.framework in Frameworks */ = {isa = PBXBuildFile; fileRef = CAE6F979ECF497D1170AFF12 /* Foundation.framework */; };
		46D863111872310400172036 /* LMClass.mm in Sources */ = {isa = PBXBuildFile; fileRef = CAEE2552266334BF99148925 /* LMClass.mm */; settings = {COMPILER_FLAGS = "-fno-objc-arc"; }; };
		46D863121872310400172036 /* LMCollector.mm in Sources */ = {isa = PBXBuildFile; fileRef = CAEBF08A822831747B09DE66 /* LMCollector.mm */; };
		46D863131872310400172036 /* LMProperty.mm in Sources */ = {isa = PBXBuildFile; fileRef = CAE4CC28E52F4EB2B33A2634 /* LMProperty.mm */; };
		46D863141872310400172036 /* LMContext.mm in Sources */ = {isa = PBXBuildFile; fileRef = CAE4D587E2B071857B89313B /* LMContext.mm */; };
		46D863151872310400172036 /* LMDynamicClass.mm in Sources */ = {isa = PBXBuildFile; fileRef = CAEF2D215CF6DA542AD72E4D /* LMDynamicClass.mm */; };
		46D863171872310400172036 /* LMTemplateClass.mm in Sources */ = {isa = PBXBuildFile; fileRef = CAE6451B959913FF11A2302C /* LMTemplateClass.mm */; settings = {COMPILER_FLAGS = "-fno-objc-arc"; }; };
		46E8F25D186893AF00AA6EC9 /* ViewController.xib in Resources */ = {isa = PBXBuildFile; fileRef = 46E8F25C186893AF00AA6EC9 /* ViewController.xib */; };
		46E8F261186896D500AA6EC9 /* ViewController.m in Sources */ = {isa = PBXBuildFile; fileRef = 46E8F25F1868943800AA6EC9 /* ViewController.m */; };
		89BBF49EB8D4423AAED38EAE /* libPods-Example.a in Frameworks */ = {isa = PBXBuildFile; fileRef = FE7D203011774F3DA6370AC9 /* libPods-Example.a */; };
		C9BC07E9976243245ADE1B84 /* LMDefinitions.m in Sources */ = {isa = PBXBuildFile; fileRef = C9BC0216CC5F3D952FF440B6 /* LMDefinitions.m */; };
		C9BC0BE85749B179F118C581 /* LMBiMapTests.mm in Sources */ = {isa = PBXBuildFile; fileRef = C9BC06E7E51BBD234A3B5003 /* LMBiMapTests.mm */; };
		CAE20F5F2E459EBFDB958E78 /* LMClassComparatorTests.mm in Sources */ = {isa = PBXBuildFile; fileRef = CAE9159DE3601BB8183D5FF8 /* LMClassComparatorTests.mm */; };
		CAE27BF307F31CF598A309BE /* CoreGraphics.framework in Frameworks */ = {isa = PBXBuildFile; fileRef = CAE7121D23B3EF5F58030D9B /* CoreGraphics.framework */; };
		CAE2F9EC262F58D819101B67 /* Test.m in Sources */ = {isa = PBXBuildFile; fileRef = CAEC603ADE564F12BB787678 /* Test.m */; };
		CAE3E0C66C8D9501F1359F68 /* AppDelegate.m in Sources */ = {isa = PBXBuildFile; fileRef = CAE157FA9FF3866D3328F2B0 /* AppDelegate.m */; };
		CAE49115B4B82463BA5F3641 /* LMClassInitializerNode.mm in Sources */ = {isa = PBXBuildFile; fileRef = CAE477E4524891A839523A30 /* LMClassInitializerNode.mm */; };
		CAE785C832E9A3CD63E26D7C /* main.m in Sources */ = {isa = PBXBuildFile; fileRef = CAE51D023F458C3ABA8A862A /* main.m */; };
		CAEA7AECBF67170D4F3CDDB9 /* LMPropertiesParserTest.m in Sources */ = {isa = PBXBuildFile; fileRef = CAE2AD9FC25D46CB40E5EBFE /* LMPropertiesParserTest.m */; };
		CAEA7C6C3528F9761A955C4A /* Foundation.framework in Frameworks */ = {isa = PBXBuildFile; fileRef = CAE6F979ECF497D1170AFF12 /* Foundation.framework */; };
		CAEA88ABA0EBB39ED0301C76 /* LMPropertyTests.mm in Sources */ = {isa = PBXBuildFile; fileRef = CAE616156E575E7E30561A77 /* LMPropertyTests.mm */; };
		CAEDD36E01ADD1300F7D94A1 /* LMCache.mm in Sources */ = {isa = PBXBuildFile; fileRef = CAEE69A1CF0EE78D5DCBA953 /* LMCache.mm */; settings = {COMPILER_FLAGS = "-fno-objc-arc"; }; };
		CAEDFC5A5F2DC72EF13BBC13 /* LMCacheTests.mm in Sources */ = {isa = PBXBuildFile; fileRef = CAEB2C5D6C9AAD1398A90F7A /* LMCacheTests.mm */; };
		CAEE8E33460AF494A492D9B4 /* UIKit.framework in Frameworks */ = {isa = PBXBuildFile; fileRef = CAE6D7451DAFED11149BE96E /* UIKit.framework */; };
/* End PBXBuildFile section */

/* Begin PBXContainerItemProxy section */
		46191D2318723DDD003DADEF /* PBXContainerItemProxy */ = {
			isa = PBXContainerItemProxy;
			containerPortal = CAE1882F2BA7F71516122BB2 /* Project object */;
			proxyType = 1;
			remoteGlobalIDString = 46D862EE1872303300172036;
			remoteInfo = LightMagic;
		};
		467C9338187234E7001435B2 /* PBXContainerItemProxy */ = {
			isa = PBXContainerItemProxy;
			containerPortal = CAE1882F2BA7F71516122BB2 /* Project object */;
			proxyType = 1;
			remoteGlobalIDString = 46D862EE1872303300172036;
			remoteInfo = LightMagic;
		};
/* End PBXContainerItemProxy section */

/* Begin PBXCopyFilesBuildPhase section */
		46D862ED1872303300172036 /* CopyFiles */ = {
			isa = PBXCopyFilesBuildPhase;
			buildActionMask = 2147483647;
			dstPath = "include/$(PRODUCT_NAME)";
			dstSubfolderSpec = 16;
			files = (
			);
			runOnlyForDeploymentPostprocessing = 0;
		};
/* End PBXCopyFilesBuildPhase section */

/* Begin PBXFileReference section */
		46191D1618723DDD003DADEF /* Tests.xctest */ = {isa = PBXFileReference; explicitFileType = wrapper.cfbundle; includeInIndex = 0; path = Tests.xctest; sourceTree = BUILT_PRODUCTS_DIR; };
		46191D2918723EC3003DADEF /* Prefix.pch */ = {isa = PBXFileReference; lastKnownFileType = sourcecode.c.h; path = Prefix.pch; sourceTree = "<group>"; };
		46D862EF1872303300172036 /* libLightMagic.a */ = {isa = PBXFileReference; explicitFileType = archive.ar; includeInIndex = 0; path = libLightMagic.a; sourceTree = BUILT_PRODUCTS_DIR; };
		46D863181872314E00172036 /* Prefix.pch */ = {isa = PBXFileReference; lastKnownFileType = sourcecode.c.h; path = Prefix.pch; sourceTree = "<group>"; };
		46E8F25C186893AF00AA6EC9 /* ViewController.xib */ = {isa = PBXFileReference; fileEncoding = 4; lastKnownFileType = file.xib; path = ViewController.xib; sourceTree = "<group>"; };
		46E8F25E1868943800AA6EC9 /* ViewController.h */ = {isa = PBXFileReference; fileEncoding = 4; lastKnownFileType = sourcecode.c.h; path = ViewController.h; sourceTree = "<group>"; };
		46E8F25F1868943800AA6EC9 /* ViewController.m */ = {isa = PBXFileReference; fileEncoding = 4; lastKnownFileType = sourcecode.c.objc; path = ViewController.m; sourceTree = "<group>"; };
		4B0AEC639DA549C5B18FB2D7 /* Pods-Example.xcconfig */ = {isa = PBXFileReference; includeInIndex = 1; lastKnownFileType = text.xcconfig; name = "Pods-Example.xcconfig"; path = "Pods/Pods-Example.xcconfig"; sourceTree = "<group>"; };
		5121594D64434C65857A09B3 /* Pods-Tests.xcconfig */ = {isa = PBXFileReference; includeInIndex = 1; lastKnownFileType = text.xcconfig; name = "Pods-Tests.xcconfig"; path = "Pods/Pods-Tests.xcconfig"; sourceTree = "<group>"; };
		BD6E6678283747B4A42FE296 /* libPods-Tests.a */ = {isa = PBXFileReference; explicitFileType = archive.ar; includeInIndex = 0; path = "libPods-Tests.a"; sourceTree = BUILT_PRODUCTS_DIR; };
		C9BC0216CC5F3D952FF440B6 /* LMDefinitions.m */ = {isa = PBXFileReference; fileEncoding = 4; lastKnownFileType = sourcecode.c.objc; path = LMDefinitions.m; sourceTree = "<group>"; };
		C9BC023E963C340DC61CFDEB /* LMBiMap.h */ = {isa = PBXFileReference; fileEncoding = 4; lastKnownFileType = sourcecode.c.h; path = LMBiMap.h; sourceTree = "<group>"; };
		C9BC06E7E51BBD234A3B5003 /* LMBiMapTests.mm */ = {isa = PBXFileReference; fileEncoding = 4; lastKnownFileType = sourcecode.cpp.objcpp; path = LMBiMapTests.mm; sourceTree = "<group>"; };
		CAE157FA9FF3866D3328F2B0 /* AppDelegate.m */ = {isa = PBXFileReference; fileEncoding = 4; lastKnownFileType = sourcecode.c.objc; path = AppDelegate.m; sourceTree = "<group>"; };
		CAE1CBA502B2CAE2C1AEF7C7 /* LMDefinitions.h */ = {isa = PBXFileReference; fileEncoding = 4; lastKnownFileType = sourcecode.c.h; path = LMDefinitions.h; sourceTree = "<group>"; };
		CAE241425D1B4000DFD2C6D9 /* LMClass.h */ = {isa = PBXFileReference; fileEncoding = 4; lastKnownFileType = sourcecode.c.h; path = LMClass.h; sourceTree = "<group>"; };
		CAE2AD9FC25D46CB40E5EBFE /* LMPropertiesParserTest.m */ = {isa = PBXFileReference; fileEncoding = 4; lastKnownFileType = sourcecode.c.objc; path = LMPropertiesParserTest.m; sourceTree = "<group>"; };
		CAE3BF282954717369D7A076 /* Prefix.pch */ = {isa = PBXFileReference; fileEncoding = 4; lastKnownFileType = sourcecode.c.h; path = Prefix.pch; sourceTree = "<group>"; };
		CAE477E4524891A839523A30 /* LMClassInitializerNode.mm */ = {isa = PBXFileReference; fileEncoding = 4; lastKnownFileType = sourcecode.cpp.objcpp; path = LMClassInitializerNode.mm; sourceTree = "<group>"; };
		CAE4CC28E52F4EB2B33A2634 /* LMProperty.mm */ = {isa = PBXFileReference; fileEncoding = 4; lastKnownFileType = sourcecode.cpp.objcpp; path = LMProperty.mm; sourceTree = "<group>"; };
		CAE4D587E2B071857B89313B /* LMContext.mm */ = {isa = PBXFileReference; fileEncoding = 4; lastKnownFileType = sourcecode.cpp.objcpp; path = LMContext.mm; sourceTree = "<group>"; };
		CAE4F2D8B61AFC41EEFCDEE6 /* LMContext.h */ = {isa = PBXFileReference; fileEncoding = 4; lastKnownFileType = sourcecode.c.h; path = LMContext.h; sourceTree = "<group>"; };
		CAE50D29645E6F5B858A0C0D /* LMClassInitializerNode.h */ = {isa = PBXFileReference; fileEncoding = 4; lastKnownFileType = sourcecode.c.h; path = LMClassInitializerNode.h; sourceTree = "<group>"; };
		CAE51D023F458C3ABA8A862A /* main.m */ = {isa = PBXFileReference; fileEncoding = 4; lastKnownFileType = sourcecode.c.objc; path = main.m; sourceTree = "<group>"; };
		CAE546667346E8BC2294B541 /* LMTemplateClass.h */ = {isa = PBXFileReference; fileEncoding = 4; lastKnownFileType = sourcecode.c.h; path = LMTemplateClass.h; sourceTree = "<group>"; };
		CAE5961BA743276E1841F861 /* XCTest.framework */ = {isa = PBXFileReference; lastKnownFileType = wrapper.framework; name = XCTest.framework; path = Library/Frameworks/XCTest.framework; sourceTree = DEVELOPER_DIR; };
		CAE5E5B6D847E496BD8F7DDF /* LMDynamicClass.h */ = {isa = PBXFileReference; fileEncoding = 4; lastKnownFileType = sourcecode.c.h; path = LMDynamicClass.h; sourceTree = "<group>"; };
		CAE616156E575E7E30561A77 /* LMPropertyTests.mm */ = {isa = PBXFileReference; fileEncoding = 4; lastKnownFileType = sourcecode.cpp.objcpp; path = LMPropertyTests.mm; sourceTree = "<group>"; };
		CAE6451B959913FF11A2302C /* LMTemplateClass.mm */ = {isa = PBXFileReference; fileEncoding = 4; lastKnownFileType = sourcecode.cpp.objcpp; path = LMTemplateClass.mm; sourceTree = "<group>"; };
		CAE66BED472CCE6A9D36D144 /* LMInitializerNode.h */ = {isa = PBXFileReference; fileEncoding = 4; lastKnownFileType = sourcecode.c.h; path = LMInitializerNode.h; sourceTree = "<group>"; };
		CAE6CB3CC1A32681F4EDC56A /* LMCache.h */ = {isa = PBXFileReference; fileEncoding = 4; lastKnownFileType = sourcecode.c.h; path = LMCache.h; sourceTree = "<group>"; };
		CAE6D7451DAFED11149BE96E /* UIKit.framework */ = {isa = PBXFileReference; lastKnownFileType = wrapper.framework; name = UIKit.framework; path = System/Library/Frameworks/UIKit.framework; sourceTree = SDKROOT; };
		CAE6F979ECF497D1170AFF12 /* Foundation.framework */ = {isa = PBXFileReference; lastKnownFileType = wrapper.framework; name = Foundation.framework; path = System/Library/Frameworks/Foundation.framework; sourceTree = SDKROOT; };
		CAE7121D23B3EF5F58030D9B /* CoreGraphics.framework */ = {isa = PBXFileReference; lastKnownFileType = wrapper.framework; name = CoreGraphics.framework; path = System/Library/Frameworks/CoreGraphics.framework; sourceTree = SDKROOT; };
		CAE74037D3BE4CF5CA86E3D2 /* LMInitializerMap.h */ = {isa = PBXFileReference; fileEncoding = 4; lastKnownFileType = sourcecode.c.h; path = LMInitializerMap.h; sourceTree = "<group>"; };
		CAE80A3278804FACB65A114B /* AppDelegate.h */ = {isa = PBXFileReference; fileEncoding = 4; lastKnownFileType = sourcecode.c.h; path = AppDelegate.h; sourceTree = "<group>"; };
		CAE81C65FD40A7DF7723ABC7 /* Test.h */ = {isa = PBXFileReference; fileEncoding = 4; lastKnownFileType = sourcecode.c.h; path = Test.h; sourceTree = "<group>"; };
		CAE9159DE3601BB8183D5FF8 /* LMClassComparatorTests.mm */ = {isa = PBXFileReference; fileEncoding = 4; lastKnownFileType = sourcecode.cpp.objcpp; path = LMClassComparatorTests.mm; sourceTree = "<group>"; };
		CAE9954E6DD9C1626896F552 /* Example.app */ = {isa = PBXFileReference; explicitFileType = wrapper.application; includeInIndex = 0; path = Example.app; sourceTree = BUILT_PRODUCTS_DIR; };
		CAEB27FFB154093F20D32A50 /* Info.plist */ = {isa = PBXFileReference; fileEncoding = 4; lastKnownFileType = text.plist.info; path = Info.plist; sourceTree = "<group>"; };
		CAEB2C5D6C9AAD1398A90F7A /* LMCacheTests.mm */ = {isa = PBXFileReference; fileEncoding = 4; lastKnownFileType = sourcecode.cpp.objcpp; path = LMCacheTests.mm; sourceTree = "<group>"; };
		CAEB3C9AA5DB7BD909F4224C /* LMPropertiesParserTest.h */ = {isa = PBXFileReference; fileEncoding = 4; lastKnownFileType = sourcecode.c.h; path = LMPropertiesParserTest.h; sourceTree = "<group>"; };
		CAEBF08A822831747B09DE66 /* LMCollector.mm */ = {isa = PBXFileReference; fileEncoding = 4; lastKnownFileType = sourcecode.cpp.objcpp; path = LMCollector.mm; sourceTree = "<group>"; };
		CAEC603ADE564F12BB787678 /* Test.m */ = {isa = PBXFileReference; fileEncoding = 4; lastKnownFileType = sourcecode.c.objc; path = Test.m; sourceTree = "<group>"; };
		CAECE67B36D8F3A3F643DD0B /* LMClassComparator.h */ = {isa = PBXFileReference; fileEncoding = 4; lastKnownFileType = sourcecode.c.h; path = LMClassComparator.h; sourceTree = "<group>"; };
		CAECF02970E7B92404A378F3 /* LMPropertyDescriptor.h */ = {isa = PBXFileReference; fileEncoding = 4; lastKnownFileType = sourcecode.c.h; path = LMPropertyDescriptor.h; sourceTree = "<group>"; };
		CAED24C0320A17C9F0399200 /* LMProperty.h */ = {isa = PBXFileReference; fileEncoding = 4; lastKnownFileType = sourcecode.c.h; path = LMProperty.h; sourceTree = "<group>"; };
		CAED4F2F8BE264CE780E7179 /* LightMagic.m */ = {isa = PBXFileReference; fileEncoding = 4; lastKnownFileType = sourcecode.c.objc; path = LightMagic.m; sourceTree = "<group>"; };
		CAEDB119BFBE91EDBB840B5D /* LMCollector.h */ = {isa = PBXFileReference; fileEncoding = 4; lastKnownFileType = sourcecode.c.h; path = LMCollector.h; sourceTree = "<group>"; };
		CAEDF2950B464508C48D028D /* Info.plist */ = {isa = PBXFileReference; fileEncoding = 4; lastKnownFileType = text.plist.info; path = Info.plist; sourceTree = "<group>"; };
		CAEE2552266334BF99148925 /* LMClass.mm */ = {isa = PBXFileReference; fileEncoding = 4; lastKnownFileType = sourcecode.cpp.objcpp; path = LMClass.mm; sourceTree = "<group>"; };
		CAEE69A1CF0EE78D5DCBA953 /* LMCache.mm */ = {isa = PBXFileReference; fileEncoding = 4; lastKnownFileType = sourcecode.cpp.objcpp; path = LMCache.mm; sourceTree = "<group>"; };
		CAEF04C77877084A0F56911C /* LightMagic.h */ = {isa = PBXFileReference; fileEncoding = 4; lastKnownFileType = sourcecode.c.h; path = LightMagic.h; sourceTree = "<group>"; };
		CAEF2D215CF6DA542AD72E4D /* LMDynamicClass.mm */ = {isa = PBXFileReference; fileEncoding = 4; lastKnownFileType = sourcecode.cpp.objcpp; path = LMDynamicClass.mm; sourceTree = "<group>"; };
		FE7D203011774F3DA6370AC9 /* libPods-Example.a */ = {isa = PBXFileReference; explicitFileType = archive.ar; includeInIndex = 0; path = "libPods-Example.a"; sourceTree = BUILT_PRODUCTS_DIR; };
/* End PBXFileReference section */

/* Begin PBXFrameworksBuildPhase section */
		46191D1318723DDD003DADEF /* Frameworks */ = {
			isa = PBXFrameworksBuildPhase;
			buildActionMask = 2147483647;
			files = (
				46191D2A18724578003DADEF /* libLightMagic.a in Frameworks */,
				46191D1718723DDD003DADEF /* XCTest.framework in Frameworks */,
				46191D1918723DDD003DADEF /* UIKit.framework in Frameworks */,
				46191D1818723DDD003DADEF /* Foundation.framework in Frameworks */,
				3D2971FD74534AE6A9DFD86D /* libPods-Tests.a in Frameworks */,
			);
			runOnlyForDeploymentPostprocessing = 0;
		};
		46D862EC1872303300172036 /* Frameworks */ = {
			isa = PBXFrameworksBuildPhase;
			buildActionMask = 2147483647;
			files = (
				46D862F01872303300172036 /* Foundation.framework in Frameworks */,
			);
			runOnlyForDeploymentPostprocessing = 0;
		};
		CAE92E619CC5FA8C046F5A5D /* Frameworks */ = {
			isa = PBXFrameworksBuildPhase;
			buildActionMask = 2147483647;
			files = (
				467C933A1872351B001435B2 /* libLightMagic.a in Frameworks */,
				CAEA7C6C3528F9761A955C4A /* Foundation.framework in Frameworks */,
				CAE27BF307F31CF598A309BE /* CoreGraphics.framework in Frameworks */,
				CAEE8E33460AF494A492D9B4 /* UIKit.framework in Frameworks */,
				89BBF49EB8D4423AAED38EAE /* libPods-Example.a in Frameworks */,
			);
			runOnlyForDeploymentPostprocessing = 0;
		};
/* End PBXFrameworksBuildPhase section */

/* Begin PBXGroup section */
		CAE0994F7F88480E67A6C2BE /* Frameworks */ = {
			isa = PBXGroup;
			children = (
				CAE6F979ECF497D1170AFF12 /* Foundation.framework */,
				CAE7121D23B3EF5F58030D9B /* CoreGraphics.framework */,
				CAE6D7451DAFED11149BE96E /* UIKit.framework */,
				CAE5961BA743276E1841F861 /* XCTest.framework */,
				FE7D203011774F3DA6370AC9 /* libPods-Example.a */,
				BD6E6678283747B4A42FE296 /* libPods-Tests.a */,
			);
			name = Frameworks;
			sourceTree = "<group>";
		};
		CAE420A9C9A07BBEAB80984B /* Example */ = {
			isa = PBXGroup;
			children = (
				CAE3BF282954717369D7A076 /* Prefix.pch */,
				CAEDF2950B464508C48D028D /* Info.plist */,
				CAE51D023F458C3ABA8A862A /* main.m */,
				CAE80A3278804FACB65A114B /* AppDelegate.h */,
				CAE157FA9FF3866D3328F2B0 /* AppDelegate.m */,
				CAEC603ADE564F12BB787678 /* Test.m */,
				CAE81C65FD40A7DF7723ABC7 /* Test.h */,
				46E8F25C186893AF00AA6EC9 /* ViewController.xib */,
				46E8F25E1868943800AA6EC9 /* ViewController.h */,
				46E8F25F1868943800AA6EC9 /* ViewController.m */,
			);
			path = Example;
			sourceTree = "<group>";
		};
		CAE4D6D7C981CC6E93ADC359 /* Tests */ = {
			isa = PBXGroup;
			children = (
				46191D2918723EC3003DADEF /* Prefix.pch */,
				CAEB27FFB154093F20D32A50 /* Info.plist */,
				CAEB2C5D6C9AAD1398A90F7A /* LMCacheTests.mm */,
				CAE616156E575E7E30561A77 /* LMPropertyTests.mm */,
				CAE8170EEB18B11427D4C49B /* Classes */,
				C9BC06E7E51BBD234A3B5003 /* LMBiMapTests.mm */,
				CAE9159DE3601BB8183D5FF8 /* LMClassComparatorTests.mm */,
			);
			path = Tests;
			sourceTree = "<group>";
		};
		CAE8170EEB18B11427D4C49B /* Classes */ = {
			isa = PBXGroup;
			children = (
				CAE2AD9FC25D46CB40E5EBFE /* LMPropertiesParserTest.m */,
				CAEB3C9AA5DB7BD909F4224C /* LMPropertiesParserTest.h */,
			);
			path = Classes;
			sourceTree = "<group>";
		};
		CAE881F603D493AF4BDE51D6 /* Cache */ = {
			isa = PBXGroup;
			children = (
				CAEE69A1CF0EE78D5DCBA953 /* LMCache.mm */,
				CAE6CB3CC1A32681F4EDC56A /* LMCache.h */,
				C9BC023E963C340DC61CFDEB /* LMBiMap.h */,
				CAE74037D3BE4CF5CA86E3D2 /* LMInitializerMap.h */,
				CAECE67B36D8F3A3F643DD0B /* LMClassComparator.h */,
				CAE477E4524891A839523A30 /* LMClassInitializerNode.mm */,
				CAE50D29645E6F5B858A0C0D /* LMClassInitializerNode.h */,
				CAE66BED472CCE6A9D36D144 /* LMInitializerNode.h */,
				CAECF02970E7B92404A378F3 /* LMPropertyDescriptor.h */,
			);
			path = Cache;
			sourceTree = "<group>";
		};
		CAE8844ED7F1EA3C6788817A /* LightMagic */ = {
			isa = PBXGroup;
			children = (
				46D863181872314E00172036 /* Prefix.pch */,
				CAE241425D1B4000DFD2C6D9 /* LMClass.h */,
				CAED4F2F8BE264CE780E7179 /* LightMagic.m */,
				CAEDB119BFBE91EDBB840B5D /* LMCollector.h */,
				CAEE2552266334BF99148925 /* LMClass.mm */,
				CAEBF08A822831747B09DE66 /* LMCollector.mm */,
				CAEF04C77877084A0F56911C /* LightMagic.h */,
				CAED24C0320A17C9F0399200 /* LMProperty.h */,
				CAE4CC28E52F4EB2B33A2634 /* LMProperty.mm */,
				CAE4D587E2B071857B89313B /* LMContext.mm */,
				CAE4F2D8B61AFC41EEFCDEE6 /* LMContext.h */,
				CAEF2D215CF6DA542AD72E4D /* LMDynamicClass.mm */,
				CAE5E5B6D847E496BD8F7DDF /* LMDynamicClass.h */,
				CAE1CBA502B2CAE2C1AEF7C7 /* LMDefinitions.h */,
				CAE6451B959913FF11A2302C /* LMTemplateClass.mm */,
				CAE546667346E8BC2294B541 /* LMTemplateClass.h */,
				CAE881F603D493AF4BDE51D6 /* Cache */,
				C9BC0216CC5F3D952FF440B6 /* LMDefinitions.m */,
			);
			path = LightMagic;
			sourceTree = "<group>";
		};
		CAED13AFE354DD2CA5E3F6A1 /* Products */ = {
			isa = PBXGroup;
			children = (
				CAE9954E6DD9C1626896F552 /* Example.app */,
				46D862EF1872303300172036 /* libLightMagic.a */,
				46191D1618723DDD003DADEF /* Tests.xctest */,
			);
			name = Products;
			sourceTree = "<group>";
		};
		CAEFF0249ABF78FE040B13F6 = {
			isa = PBXGroup;
			children = (
				CAED13AFE354DD2CA5E3F6A1 /* Products */,
				CAE0994F7F88480E67A6C2BE /* Frameworks */,
				CAE8844ED7F1EA3C6788817A /* LightMagic */,
				CAE420A9C9A07BBEAB80984B /* Example */,
				CAE4D6D7C981CC6E93ADC359 /* Tests */,
				4B0AEC639DA549C5B18FB2D7 /* Pods-Example.xcconfig */,
				5121594D64434C65857A09B3 /* Pods-Tests.xcconfig */,
			);
			sourceTree = "<group>";
		};
/* End PBXGroup section */

/* Begin PBXNativeTarget section */
		46191D1518723DDD003DADEF /* Tests */ = {
			isa = PBXNativeTarget;
			buildConfigurationList = 46191D2518723DDD003DADEF /* Build configuration list for PBXNativeTarget "Tests" */;
			buildPhases = (
				ED89E31CDEF0474F8E66F724 /* Check Pods Manifest.lock */,
				46191D1218723DDD003DADEF /* Sources */,
				46191D1318723DDD003DADEF /* Frameworks */,
				46191D1418723DDD003DADEF /* Resources */,
				F44D54BE14954548B6216640 /* Copy Pods Resources */,
			);
			buildRules = (
			);
			dependencies = (
				46191D2418723DDD003DADEF /* PBXTargetDependency */,
			);
			name = Tests;
			productName = Tests;
			productReference = 46191D1618723DDD003DADEF /* Tests.xctest */;
			productType = "com.apple.product-type.bundle.unit-test";
		};
		46D862EE1872303300172036 /* LightMagic */ = {
			isa = PBXNativeTarget;
			buildConfigurationList = 46D8630B1872303300172036 /* Build configuration list for PBXNativeTarget "LightMagic" */;
			buildPhases = (
				46D862EB1872303300172036 /* Sources */,
				46D862EC1872303300172036 /* Frameworks */,
				46D862ED1872303300172036 /* CopyFiles */,
			);
			buildRules = (
			);
			dependencies = (
			);
			name = LightMagic;
			productName = LightMagic;
			productReference = 46D862EF1872303300172036 /* libLightMagic.a */;
			productType = "com.apple.product-type.library.static";
		};
		CAE743482A9B6023B22D3871 /* Example */ = {
			isa = PBXNativeTarget;
			buildConfigurationList = CAED8AABC5A593A3939A9B26 /* Build configuration list for PBXNativeTarget "Example" */;
			buildPhases = (
				8BC5922082014970B68E57B1 /* Check Pods Manifest.lock */,
				CAE11174BC570007A7A84249 /* Sources */,
				CAE92E619CC5FA8C046F5A5D /* Frameworks */,
				CAE8A4CBB54D2440D1B19A3A /* Resources */,
				CAFF0DF49DF541CB9AE7FE92 /* Copy Pods Resources */,
			);
			buildRules = (
			);
			dependencies = (
				467C9339187234E7001435B2 /* PBXTargetDependency */,
			);
			name = Example;
			productName = LightMagic;
			productReference = CAE9954E6DD9C1626896F552 /* Example.app */;
			productType = "com.apple.product-type.application";
		};
/* End PBXNativeTarget section */

/* Begin PBXProject section */
		CAE1882F2BA7F71516122BB2 /* Project object */ = {
			isa = PBXProject;
			attributes = {
				ORGANIZATIONNAME = "Ievgen Solodovnykov";
				TargetAttributes = {
					46191D1518723DDD003DADEF = {
						TestTargetID = 46D862EE1872303300172036;
					};
				};
			};
			buildConfigurationList = CAED7F08422E0FFC36DB8F9D /* Build configuration list for PBXProject "LightMagic" */;
			compatibilityVersion = "Xcode 3.2";
			developmentRegion = English;
			hasScannedForEncodings = 0;
			knownRegions = (
				en,
			);
			mainGroup = CAEFF0249ABF78FE040B13F6;
			productRefGroup = CAED13AFE354DD2CA5E3F6A1 /* Products */;
			projectDirPath = "";
			projectRoot = "";
			targets = (
				46D862EE1872303300172036 /* LightMagic */,
				CAE743482A9B6023B22D3871 /* Example */,
				46191D1518723DDD003DADEF /* Tests */,
			);
		};
/* End PBXProject section */

/* Begin PBXResourcesBuildPhase section */
		46191D1418723DDD003DADEF /* Resources */ = {
			isa = PBXResourcesBuildPhase;
			buildActionMask = 2147483647;
			files = (
			);
			runOnlyForDeploymentPostprocessing = 0;
		};
		CAE8A4CBB54D2440D1B19A3A /* Resources */ = {
			isa = PBXResourcesBuildPhase;
			buildActionMask = 2147483647;
			files = (
				46E8F25D186893AF00AA6EC9 /* ViewController.xib in Resources */,
			);
			runOnlyForDeploymentPostprocessing = 0;
		};
/* End PBXResourcesBuildPhase section */

/* Begin PBXShellScriptBuildPhase section */
		8BC5922082014970B68E57B1 /* Check Pods Manifest.lock */ = {
			isa = PBXShellScriptBuildPhase;
			buildActionMask = 2147483647;
			files = (
			);
			inputPaths = (
			);
			name = "Check Pods Manifest.lock";
			outputPaths = (
			);
			runOnlyForDeploymentPostprocessing = 0;
			shellPath = /bin/sh;
			shellScript = "diff \"${PODS_ROOT}/../Podfile.lock\" \"${PODS_ROOT}/Manifest.lock\" > /dev/null\nif [[ $? != 0 ]] ; then\n    cat << EOM\nerror: The sandbox is not in sync with the Podfile.lock. Run 'pod install' or update your CocoaPods installation.\nEOM\n    exit 1\nfi\n";
			showEnvVarsInLog = 0;
		};
		CAFF0DF49DF541CB9AE7FE92 /* Copy Pods Resources */ = {
			isa = PBXShellScriptBuildPhase;
			buildActionMask = 2147483647;
			files = (
			);
			inputPaths = (
			);
			name = "Copy Pods Resources";
			outputPaths = (
			);
			runOnlyForDeploymentPostprocessing = 0;
			shellPath = /bin/sh;
			shellScript = "\"${SRCROOT}/Pods/Pods-Example-resources.sh\"\n";
			showEnvVarsInLog = 0;
		};
		ED89E31CDEF0474F8E66F724 /* Check Pods Manifest.lock */ = {
			isa = PBXShellScriptBuildPhase;
			buildActionMask = 2147483647;
			files = (
			);
			inputPaths = (
			);
			name = "Check Pods Manifest.lock";
			outputPaths = (
			);
			runOnlyForDeploymentPostprocessing = 0;
			shellPath = /bin/sh;
			shellScript = "diff \"${PODS_ROOT}/../Podfile.lock\" \"${PODS_ROOT}/Manifest.lock\" > /dev/null\nif [[ $? != 0 ]] ; then\n    cat << EOM\nerror: The sandbox is not in sync with the Podfile.lock. Run 'pod install' or update your CocoaPods installation.\nEOM\n    exit 1\nfi\n";
			showEnvVarsInLog = 0;
		};
		F44D54BE14954548B6216640 /* Copy Pods Resources */ = {
			isa = PBXShellScriptBuildPhase;
			buildActionMask = 2147483647;
			files = (
			);
			inputPaths = (
			);
			name = "Copy Pods Resources";
			outputPaths = (
			);
			runOnlyForDeploymentPostprocessing = 0;
			shellPath = /bin/sh;
			shellScript = "\"${SRCROOT}/Pods/Pods-Tests-resources.sh\"\n";
			showEnvVarsInLog = 0;
		};
/* End PBXShellScriptBuildPhase section */

/* Begin PBXSourcesBuildPhase section */
		46191D1218723DDD003DADEF /* Sources */ = {
			isa = PBXSourcesBuildPhase;
			buildActionMask = 2147483647;
			files = (
				CAEDFC5A5F2DC72EF13BBC13 /* LMCacheTests.mm in Sources */,
				CAEA88ABA0EBB39ED0301C76 /* LMPropertyTests.mm in Sources */,
				CAEA7AECBF67170D4F3CDDB9 /* LMPropertiesParserTest.m in Sources */,
				C9BC0BE85749B179F118C581 /* LMBiMapTests.mm in Sources */,
				CAE20F5F2E459EBFDB958E78 /* LMClassComparatorTests.mm in Sources */,
			);
			runOnlyForDeploymentPostprocessing = 0;
		};
		46D862EB1872303300172036 /* Sources */ = {
			isa = PBXSourcesBuildPhase;
			buildActionMask = 2147483647;
			files = (
				46191D0E187235FC003DADEF /* LightMagic.m in Sources */,
				46D863141872310400172036 /* LMContext.mm in Sources */,
				46D863131872310400172036 /* LMProperty.mm in Sources */,
				46D863121872310400172036 /* LMCollector.mm in Sources */,
				46D863171872310400172036 /* LMTemplateClass.mm in Sources */,
				46D863111872310400172036 /* LMClass.mm in Sources */,
				46D863151872310400172036 /* LMDynamicClass.mm in Sources */,
				CAEDD36E01ADD1300F7D94A1 /* LMCache.mm in Sources */,
				C9BC07E9976243245ADE1B84 /* LMDefinitions.m in Sources */,
				CAE49115B4B82463BA5F3641 /* LMClassInitializerNode.mm in Sources */,
			);
			runOnlyForDeploymentPostprocessing = 0;
		};
		CAE11174BC570007A7A84249 /* Sources */ = {
			isa = PBXSourcesBuildPhase;
			buildActionMask = 2147483647;
			files = (
				CAE785C832E9A3CD63E26D7C /* main.m in Sources */,
				CAE3E0C66C8D9501F1359F68 /* AppDelegate.m in Sources */,
				46E8F261186896D500AA6EC9 /* ViewController.m in Sources */,
				CAE2F9EC262F58D819101B67 /* Test.m in Sources */,
			);
			runOnlyForDeploymentPostprocessing = 0;
		};
/* End PBXSourcesBuildPhase section */

/* Begin PBXTargetDependency section */
		46191D2418723DDD003DADEF /* PBXTargetDependency */ = {
			isa = PBXTargetDependency;
			target = 46D862EE1872303300172036 /* LightMagic */;
			targetProxy = 46191D2318723DDD003DADEF /* PBXContainerItemProxy */;
		};
		467C9339187234E7001435B2 /* PBXTargetDependency */ = {
			isa = PBXTargetDependency;
			target = 46D862EE1872303300172036 /* LightMagic */;
			targetProxy = 467C9338187234E7001435B2 /* PBXContainerItemProxy */;
		};
/* End PBXTargetDependency section */

/* Begin XCBuildConfiguration section */
		46191D2618723DDD003DADEF /* Release */ = {
			isa = XCBuildConfiguration;
			baseConfigurationReference = 5121594D64434C65857A09B3 /* Pods-Tests.xcconfig */;
			buildSettings = {
				ARCHS = "$(ARCHS_STANDARD_INCLUDING_64_BIT)";
				FRAMEWORK_SEARCH_PATHS = (
					"$(SDKROOT)/Developer/Library/Frameworks",
					"$(inherited)",
					"$(DEVELOPER_FRAMEWORKS_DIR)",
				);
				GCC_PRECOMPILE_PREFIX_HEADER = YES;
				GCC_PREFIX_HEADER = Tests/Prefix.pch;
				INFOPLIST_FILE = Tests/Info.plist;
				PRODUCT_NAME = "$(TARGET_NAME)";
				WRAPPER_EXTENSION = xctest;
			};
			name = Release;
		};
		46191D2718723DDD003DADEF /* Debug */ = {
			isa = XCBuildConfiguration;
			baseConfigurationReference = 5121594D64434C65857A09B3 /* Pods-Tests.xcconfig */;
			buildSettings = {
				ARCHS = "$(ARCHS_STANDARD_INCLUDING_64_BIT)";
				FRAMEWORK_SEARCH_PATHS = (
					"$(SDKROOT)/Developer/Library/Frameworks",
					"$(inherited)",
					"$(DEVELOPER_FRAMEWORKS_DIR)",
				);
				GCC_PRECOMPILE_PREFIX_HEADER = YES;
				GCC_PREFIX_HEADER = Tests/Prefix.pch;
				GCC_PREPROCESSOR_DEFINITIONS = (
					"DEBUG=1",
					"$(inherited)",
				);
				INFOPLIST_FILE = Tests/Info.plist;
				PRODUCT_NAME = "$(TARGET_NAME)";
				WRAPPER_EXTENSION = xctest;
			};
			name = Debug;
		};
		46D8630C1872303300172036 /* Release */ = {
			isa = XCBuildConfiguration;
			buildSettings = {
				ARCHS = "$(ARCHS_STANDARD_INCLUDING_64_BIT)";
				DSTROOT = /tmp/LightMagic.dst;
				GCC_OPTIMIZATION_LEVEL = fast;
				GCC_PRECOMPILE_PREFIX_HEADER = YES;
				GCC_PREFIX_HEADER = LightMagic/Prefix.pch;
				GENERATE_MASTER_OBJECT_FILE = YES;
				PRODUCT_NAME = "$(TARGET_NAME)";
				SKIP_INSTALL = YES;
			};
			name = Release;
		};
		46D8630D1872303300172036 /* Debug */ = {
			isa = XCBuildConfiguration;
			buildSettings = {
				ARCHS = "$(ARCHS_STANDARD_INCLUDING_64_BIT)";
				DSTROOT = /tmp/LightMagic.dst;
				GCC_PRECOMPILE_PREFIX_HEADER = YES;
				GCC_PREFIX_HEADER = LightMagic/Prefix.pch;
				GCC_PREPROCESSOR_DEFINITIONS = (
					"DEBUG=1",
					"$(inherited)",
				);
				GENERATE_MASTER_OBJECT_FILE = YES;
				PRODUCT_NAME = "$(TARGET_NAME)";
				SKIP_INSTALL = YES;
			};
			name = Debug;
		};
		CAE62AE22393C2677DC2A721 /* Debug */ = {
			isa = XCBuildConfiguration;
			buildSettings = {
				ALWAYS_SEARCH_USER_PATHS = NO;
				ARCHS = "$(ARCHS_STANDARD_INCLUDING_64_BIT)";
				CLANG_CXX_LANGUAGE_STANDARD = "gnu++0x";
				CLANG_CXX_LIBRARY = "libc++";
				CLANG_ENABLE_MODULES = YES;
				CLANG_ENABLE_OBJC_ARC = YES;
				CLANG_WARN_BOOL_CONVERSION = YES;
				CLANG_WARN_CONSTANT_CONVERSION = YES;
				CLANG_WARN_DIRECT_OBJC_ISA_USAGE = YES_ERROR;
				CLANG_WARN_EMPTY_BODY = YES;
				CLANG_WARN_ENUM_CONVERSION = YES;
				CLANG_WARN_INT_CONVERSION = YES;
				CLANG_WARN_OBJC_ROOT_CLASS = YES_ERROR;
				CLANG_WARN__DUPLICATE_METHOD_MATCH = YES;
				"CODE_SIGN_IDENTITY[sdk=iphoneos*]" = "iPhone Developer";
				COPY_PHASE_STRIP = NO;
				GCC_C_LANGUAGE_STANDARD = gnu99;
				GCC_DYNAMIC_NO_PIC = NO;
				GCC_OPTIMIZATION_LEVEL = 0;
				GCC_PREPROCESSOR_DEFINITIONS = (
					"DEBUG=1",
					"$(inherited)",
				);
				GCC_SYMBOLS_PRIVATE_EXTERN = NO;
				GCC_WARN_64_TO_32_BIT_CONVERSION = YES;
				GCC_WARN_ABOUT_RETURN_TYPE = YES_ERROR;
				GCC_WARN_UNDECLARED_SELECTOR = YES;
				GCC_WARN_UNINITIALIZED_AUTOS = YES;
				GCC_WARN_UNUSED_FUNCTION = YES;
				GCC_WARN_UNUSED_VARIABLE = YES;
				IPHONEOS_DEPLOYMENT_TARGET = 7.0;
				ONLY_ACTIVE_ARCH = YES;
				SDKROOT = iphoneos;
				TARGETED_DEVICE_FAMILY = "1,2";
			};
			name = Debug;
		};
		CAE7801230110A29DB6CB953 /* Debug */ = {
			isa = XCBuildConfiguration;
			baseConfigurationReference = 4B0AEC639DA549C5B18FB2D7 /* Pods-Example.xcconfig */;
			buildSettings = {
				ASSETCATALOG_COMPILER_APPICON_NAME = AppIcon;
				ASSETCATALOG_COMPILER_LAUNCHIMAGE_NAME = LaunchImage;
				GCC_PRECOMPILE_PREFIX_HEADER = YES;
				GCC_PREFIX_HEADER = Example/Prefix.pch;
				INFOPLIST_FILE = Example/Info.plist;
				PRODUCT_NAME = "$(TARGET_NAME)";
				WRAPPER_EXTENSION = app;
			};
			name = Debug;
		};
		CAE9AC8C5155784DB9BAFBD3 /* Release */ = {
			isa = XCBuildConfiguration;
			baseConfigurationReference = 4B0AEC639DA549C5B18FB2D7 /* Pods-Example.xcconfig */;
			buildSettings = {
				ASSETCATALOG_COMPILER_APPICON_NAME = AppIcon;
				ASSETCATALOG_COMPILER_LAUNCHIMAGE_NAME = LaunchImage;
				GCC_PRECOMPILE_PREFIX_HEADER = YES;
				GCC_PREFIX_HEADER = Example/Prefix.pch;
				INFOPLIST_FILE = Example/Info.plist;
				PRODUCT_NAME = "$(TARGET_NAME)";
				WRAPPER_EXTENSION = app;
			};
			name = Release;
		};
		CAEC78B6EEC43FFA3CE7C14B /* Release */ = {
			isa = XCBuildConfiguration;
			buildSettings = {
				ALWAYS_SEARCH_USER_PATHS = NO;
				ARCHS = "$(ARCHS_STANDARD_INCLUDING_64_BIT)";
				CLANG_CXX_LANGUAGE_STANDARD = "gnu++0x";
				CLANG_CXX_LIBRARY = "libc++";
				CLANG_ENABLE_MODULES = YES;
				CLANG_ENABLE_OBJC_ARC = YES;
				CLANG_WARN_BOOL_CONVERSION = YES;
				CLANG_WARN_CONSTANT_CONVERSION = YES;
				CLANG_WARN_DIRECT_OBJC_ISA_USAGE = YES_ERROR;
				CLANG_WARN_EMPTY_BODY = YES;
				CLANG_WARN_ENUM_CONVERSION = YES;
				CLANG_WARN_INT_CONVERSION = YES;
				CLANG_WARN_OBJC_ROOT_CLASS = YES_ERROR;
				CLANG_WARN__DUPLICATE_METHOD_MATCH = YES;
				"CODE_SIGN_IDENTITY[sdk=iphoneos*]" = "iPhone Developer";
				COPY_PHASE_STRIP = YES;
				ENABLE_NS_ASSERTIONS = NO;
				GCC_C_LANGUAGE_STANDARD = gnu99;
				GCC_WARN_64_TO_32_BIT_CONVERSION = YES;
				GCC_WARN_ABOUT_RETURN_TYPE = YES_ERROR;
				GCC_WARN_UNDECLARED_SELECTOR = YES;
				GCC_WARN_UNINITIALIZED_AUTOS = YES;
				GCC_WARN_UNUSED_FUNCTION = YES;
				GCC_WARN_UNUSED_VARIABLE = YES;
				IPHONEOS_DEPLOYMENT_TARGET = 7.0;
				SDKROOT = iphoneos;
				TARGETED_DEVICE_FAMILY = "1,2";
				VALIDATE_PRODUCT = YES;
			};
			name = Release;
		};
/* End XCBuildConfiguration section */

/* Begin XCConfigurationList section */
		46191D2518723DDD003DADEF /* Build configuration list for PBXNativeTarget "Tests" */ = {
			isa = XCConfigurationList;
			buildConfigurations = (
				46191D2618723DDD003DADEF /* Release */,
				46191D2718723DDD003DADEF /* Debug */,
			);
			defaultConfigurationIsVisible = 0;
			defaultConfigurationName = Release;
		};
		46D8630B1872303300172036 /* Build configuration list for PBXNativeTarget "LightMagic" */ = {
			isa = XCConfigurationList;
			buildConfigurations = (
				46D8630C1872303300172036 /* Release */,
				46D8630D1872303300172036 /* Debug */,
			);
			defaultConfigurationIsVisible = 0;
			defaultConfigurationName = Release;
		};
		CAED7F08422E0FFC36DB8F9D /* Build configuration list for PBXProject "LightMagic" */ = {
			isa = XCConfigurationList;
			buildConfigurations = (
				CAEC78B6EEC43FFA3CE7C14B /* Release */,
				CAE62AE22393C2677DC2A721 /* Debug */,
			);
			defaultConfigurationIsVisible = 0;
			defaultConfigurationName = Release;
		};
		CAED8AABC5A593A3939A9B26 /* Build configuration list for PBXNativeTarget "Example" */ = {
			isa = XCConfigurationList;
			buildConfigurations = (
				CAE9AC8C5155784DB9BAFBD3 /* Release */,
				CAE7801230110A29DB6CB953 /* Debug */,
			);
			defaultConfigurationIsVisible = 0;
			defaultConfigurationName = Release;
		};
/* End XCConfigurationList section */
	};
	rootObject = CAE1882F2BA7F71516122BB2 /* Project object */;
}
